
Microsoft Visual Studio Solution File, Format Version 12.00
# Visual Studio Version 16
VisualStudioVersion = 16.0.30114.105
MinimumVisualStudioVersion = 10.0.40219.1
Project("{FAE04EC0-301F-11D3-BF4B-00C04F79EFBC}") = "WinForms", "WinForms.csproj", "{69D0689C-3B4E-4DBD-B014-8965A7A4833E}"
	ProjectSection(ProjectDependencies) = postProject
		{9F25DADC-0CFA-4B7F-9981-C046515AF731} = {9F25DADC-0CFA-4B7F-9981-C046515AF731}
	EndProjectSection
EndProject
Project("{2150E333-8FDC-42A3-9474-1A3956D46DE8}") = "View", "View", "{7A36EE23-6E87-47C5-82B7-66EEAD118F78}"
EndProject
Project("{FAE04EC0-301F-11D3-BF4B-00C04F79EFBC}") = "Model", "..\Model1\Model.csproj", "{892EA12C-810D-416D-BCAC-912021A97259}"
EndProject
Project("{FAE04EC0-301F-11D3-BF4B-00C04F79EFBC}") = "Presentor", "..\Presentor\Presentor.csproj", "{9F25DADC-0CFA-4B7F-9981-C046515AF731}"
	ProjectSection(ProjectDependencies) = postProject
		{892EA12C-810D-416D-BCAC-912021A97259} = {892EA12C-810D-416D-BCAC-912021A97259}
	EndProjectSection
EndProject
Global
	GlobalSection(SolutionConfigurationPlatforms) = preSolution
		Debug|Any CPU = Debug|Any CPU
		Release|Any CPU = Release|Any CPU
	EndGlobalSection
	GlobalSection(ProjectConfigurationPlatforms) = postSolution
		{69D0689C-3B4E-4DBD-B014-8965A7A4833E}.Debug|Any CPU.ActiveCfg = Debug|Any CPU
		{69D0689C-3B4E-4DBD-B014-8965A7A4833E}.Debug|Any CPU.Build.0 = Debug|Any CPU
		{69D0689C-3B4E-4DBD-B014-8965A7A4833E}.Release|Any CPU.ActiveCfg = Release|Any CPU
		{69D0689C-3B4E-4DBD-B014-8965A7A4833E}.Release|Any CPU.Build.0 = Release|Any CPU
		{892EA12C-810D-416D-BCAC-912021A97259}.Debug|Any CPU.ActiveCfg = Debug|Any CPU
		{892EA12C-810D-416D-BCAC-912021A97259}.Debug|Any CPU.Build.0 = Debug|Any CPU
		{892EA12C-810D-416D-BCAC-912021A97259}.Release|Any CPU.ActiveCfg = Release|Any CPU
		{892EA12C-810D-416D-BCAC-912021A97259}.Release|Any CPU.Build.0 = Release|Any CPU
		{9F25DADC-0CFA-4B7F-9981-C046515AF731}.Debug|Any CPU.ActiveCfg = Debug|Any CPU
		{9F25DADC-0CFA-4B7F-9981-C046515AF731}.Debug|Any CPU.Build.0 = Debug|Any CPU
		{9F25DADC-0CFA-4B7F-9981-C046515AF731}.Release|Any CPU.ActiveCfg = Release|Any CPU
		{9F25DADC-0CFA-4B7F-9981-C046515AF731}.Release|Any CPU.Build.0 = Release|Any CPU
	EndGlobalSection
	GlobalSection(SolutionProperties) = preSolution
		HideSolutionNode = FALSE
	EndGlobalSection
	GlobalSection(NestedProjects) = preSolution
		{69D0689C-3B4E-4DBD-B014-8965A7A4833E} = {7A36EE23-6E87-47C5-82B7-66EEAD118F78}
	EndGlobalSection
	GlobalSection(ExtensibilityGlobals) = postSolution
		SolutionGuid = {2A0D3A11-BD04-484E-97C5-FEBBFBFFEA12}
	EndGlobalSection
EndGlobal
